github.com/creack/pty v1.1.9/go.mod h1:oKZEueFk5CKHvIhNR5MUki03XCEU+Q6VDXinZuGJ33E=
github.com/kr/pretty v0.1.0 h1:L/CwN0zerZDmRFUapSPitk6f+Q3+0za1rQkzVuMiMFI=
github.com/kr/pretty v0.1.0/go.mod h1:dAy3ld7l9f0ibDNOQOHHMYYIIbhfbHSm3C4ZsoJORNo=
github.com/kr/text v0.2.0 h1:5Nx0Ya0ZqY2ygV366QzturHI13Jq95ApcVaJBhpS+AY=
github.com/kr/text v0.2.0/go.mod h1:eLer722TekiGuMkidMxC/pM04lWEeraHUUmBw8l2grE=
github.com/odvcencio/gotreesitter v0.20.0-rc1 h1:j1eJ+K18f1LvbmcTyDFDVr22KJFDmule3JxvvUnksyU=
github.com/odvcencio/gotreesitter v0.20.0-rc1/go.mod h1:hBVkghd0paaYAVwd2087vfwdeU984bQbMo9LvpE0moo=
github.com/odvcencio/gotreesitter v0.20.0-rc1.0.20260528075922-804ab2156c48 h1:7Em0FBahcud0M2bNzGoeq+J/svnV1pfZOM8hjc37xKs=
github.com/odvcencio/gotreesitter v0.20.0-rc1.0.20260528075922-804ab2156c48/go.mod h1:hBVkghd0paaYAVwd2087vfwdeU984bQbMo9LvpE0moo=
github.com/odvcencio/gotreesitter v0.20.0-rc1.0.20260528090446-dda7bb76a1fc h1:AuvJeKnMchPIOGul/Y4cTTgeTeWX4A1j2pECAxcXWi0=
github.com/odvcencio/gotreesitter v0.20.0-rc1.0.20260528090446-dda7bb76a1fc/go.mod h1:hBVkghd0paaYAVwd2087vfwdeU984bQbMo9LvpE0moo=
github.com/odvcencio/gotreesitter v0.20.0-rc1.0.20260528185231-79e6cc8e348d h1:fcYAVXUm3YMFQ+xtMdRSGe64b3wx3QrLobpDVF7Fxx8=
github.com/odvcencio/gotreesitter v0.20.0-rc1.0.20260528185231-79e6cc8e348d/go.mod h1:hBVkghd0paaYAVwd2087vfwdeU984bQbMo9LvpE0moo=
github.com/odvcencio/gotreesitter v0.20.0-rc1.0.20260528210721-9b1839ce6112 h1:wWde5V4UQ/OlutfmBi7tSbcNfgatM4mz30qZQqi0ofA=
github.com/odvcencio/gotreesitter v0.20.0-rc1.0.20260528210721-9b1839ce6112/go.mod h1:hBVkghd0paaYAVwd2087vfwdeU984bQbMo9LvpE0moo=
github.com/odvcencio/gotreesitter v0.20.0-rc1.0.20260528213811-6f2d0514eeae h1:i9yiAiAPCulRvdDg6UWcA8XXoSvJ10RH4g+hkhYHteo=
github.com/odvcencio/gotreesitter v0.20.0-rc1.0.20260528213811-6f2d0514eeae/go.mod h1:hBVkghd0paaYAVwd2087vfwdeU984bQbMo9LvpE0moo=
github.com/odvcencio/gotreesitter v0.20.0-rc1.0.20260528215246-a3fd6e828921 h1:6mDjxtqd81uwr3Z5bIyX7Lyk77WUhhuJ+eab048RGuM=
github.com/odvcencio/gotreesitter v0.20.0-rc1.0.20260528215246-a3fd6e828921/go.mod h1:hBVkghd0paaYAVwd2087vfwdeU984bQbMo9LvpE0moo=
github.com/odvcencio/gotreesitter v0.20.0-rc2.0.20260528222341-03fd3f7251f6 h1:h00CT03o6bXcbp1viyB8NyvW3w7W/OZmumoPBb1ro+U=
github.com/odvcencio/gotreesitter v0.20.0-rc2.0.20260528222341-03fd3f7251f6/go.mod h1:hBVkghd0paaYAVwd2087vfwdeU984bQbMo9LvpE0moo=
gopkg.in/check.v1 v0.0.0-20161208181325-20d25e280405/go.mod h1:Co6ibVJAznAaIkqp8huTwlJQCZ016jof/cbN4VW5Yz0=
gopkg.in/check.v1 v1.0.0-20180628173108-788fd7840127 h1:qIbj1fsPNlZgppZ+VLlY7N33q108Sa+fhmuc+sWQYwY=
gopkg.in/check.v1 v1.0.0-20180628173108-788fd7840127/go.mod h1:Co6ibVJAznAaIkqp8huTwlJQCZ016jof/cbN4VW5Yz0=
gopkg.in/yaml.v3 v3.0.1 h1:fxVm/GzAzEWqLHuvctI91KS9hhNmmWOoWu0XTYJS7CA=
gopkg.in/yaml.v3 v3.0.1/go.mod h1:K4uyk7z7BCEPqu6E+C64Yfv1cQ7kz7rIZviUmN+EgEM=
